
Microsoft Visual Studio Solution File, Format Version 12.00
# Visual Studio Version 16
VisualStudioVersion = 16.0.29509.3
MinimumVisualStudioVersion = 10.0.40219.1
Project("{FAE04EC0-301F-11D3-BF4B-00C04F79EFBC}") = "ContactManager.Android", "ContactManager\ContactManager.Android\ContactManager.Android.csproj", "{168558D2-CE18-4E15-8672-42F8D1A75399}"
EndProject
Project("{FAE04EC0-301F-11D3-BF4B-00C04F79EFBC}") = "ContactManager.iOS", "ContactManager\ContactManager.iOS\ContactManager.iOS.csproj", "{E5A8D5B7-2D08-48AF-BBA7-2626D01E47DF}"
EndProject
Project("{FAE04EC0-301F-11D3-BF4B-00C04F79EFBC}") = "ContactManager", "ContactManager\ContactManager\ContactManager.csproj", "{EE504714-9CB9-4159-A982-F4686AD460FF}"
EndProject
Global
	GlobalSection(SolutionConfigurationPlatforms) = preSolution
		Debug|Any CPU = Debug|Any CPU
		Debug|iPhone = Debug|iPhone
		Debug|iPhoneSimulator = Debug|iPhoneSimulator
		Release|Any CPU = Release|Any CPU
		Release|iPhone = Release|iPhone
		Release|iPhoneSimulator = Release|iPhoneSimulator
	EndGlobalSection
	GlobalSection(ProjectConfigurationPlatforms) = postSolution
		{168558D2-CE18-4E15-8672-42F8D1A75399}.Debug|Any CPU.ActiveCfg = Debug|Any CPU
		{168558D2-CE18-4E15-8672-42F8D1A75399}.Debug|Any CPU.Build.0 = Debug|Any CPU
		{168558D2-CE18-4E15-8672-42F8D1A75399}.Debug|Any CPU.Deploy.0 = Debug|Any CPU
		{168558D2-CE18-4E15-8672-42F8D1A75399}.Debug|iPhone.ActiveCfg = Debug|Any CPU
		{168558D2-CE18-4E15-8672-42F8D1A75399}.Debug|iPhone.Build.0 = Debug|Any CPU
		{168558D2-CE18-4E15-8672-42F8D1A75399}.Debug|iPhone.Deploy.0 = Debug|Any CPU
		{168558D2-CE18-4E15-8672-42F8D1A75399}.Debug|iPhoneSimulator.ActiveCfg = Debug|Any CPU
		{168558D2-CE18-4E15-8672-42F8D1A75399}.Debug|iPhoneSimulator.Build.0 = Debug|Any CPU
		{168558D2-CE18-4E15-8672-42F8D1A75399}.Debug|iPhoneSimulator.Deploy.0 = Debug|Any CPU
		{168558D2-CE18-4E15-8672-42F8D1A75399}.Release|Any CPU.ActiveCfg = Release|Any CPU
		{168558D2-CE18-4E15-8672-42F8D1A75399}.Release|Any CPU.Build.0 = Release|Any CPU
		{168558D2-CE18-4E15-8672-42F8D1A75399}.Release|Any CPU.Deploy.0 = Release|Any CPU
		{168558D2-CE18-4E15-8672-42F8D1A75399}.Release|iPhone.ActiveCfg = Release|Any CPU
		{168558D2-CE18-4E15-8672-42F8D1A75399}.Release|iPhone.Build.0 = Release|Any CPU
		{168558D2-CE18-4E15-8672-42F8D1A75399}.Release|iPhone.Deploy.0 = Release|Any CPU
		{168558D2-CE18-4E15-8672-42F8D1A75399}.Release|iPhoneSimulator.ActiveCfg = Release|Any CPU
		{168558D2-CE18-4E15-8672-42F8D1A75399}.Release|iPhoneSimulator.Build.0 = Release|Any CPU
		{168558D2-CE18-4E15-8672-42F8D1A75399}.Release|iPhoneSimulator.Deploy.0 = Release|Any CPU
		{E5A8D5B7-2D08-48AF-BBA7-2626D01E47DF}.Debug|Any CPU.ActiveCfg = Debug|iPhoneSimulator
		{E5A8D5B7-2D08-48AF-BBA7-2626D01E47DF}.Debug|Any CPU.Build.0 = Debug|iPhoneSimulator
		{E5A8D5B7-2D08-48AF-BBA7-2626D01E47DF}.Debug|Any CPU.Deploy.0 = Debug|iPhoneSimulator
		{E5A8D5B7-2D08-48AF-BBA7-2626D01E47DF}.Debug|iPhone.ActiveCfg = Debug|iPhone
		{E5A8D5B7-2D08-48AF-BBA7-2626D01E47DF}.Debug|iPhone.Build.0 = Debug|iPhone
		{E5A8D5B7-2D08-48AF-BBA7-2626D01E47DF}.Debug|iPhone.Deploy.0 = Debug|iPhone
		{E5A8D5B7-2D08-48AF-BBA7-2626D01E47DF}.Debug|iPhoneSimulator.ActiveCfg = Debug|iPhoneSimulator
		{E5A8D5B7-2D08-48AF-BBA7-2626D01E47DF}.Debug|iPhoneSimulator.Build.0 = Debug|iPhoneSimulator
		{E5A8D5B7-2D08-48AF-BBA7-2626D01E47DF}.Debug|iPhoneSimulator.Deploy.0 = Debug|iPhoneSimulator
		{E5A8D5B7-2D08-48AF-BBA7-2626D01E47DF}.Release|Any CPU.ActiveCfg = Release|iPhone
		{E5A8D5B7-2D08-48AF-BBA7-2626D01E47DF}.Release|Any CPU.Build.0 = Release|iPhone
		{E5A8D5B7-2D08-48AF-BBA7-2626D01E47DF}.Release|Any CPU.Deploy.0 = Release|iPhone
		{E5A8D5B7-2D08-48AF-BBA7-2626D01E47DF}.Release|iPhone.ActiveCfg = Release|iPhone
		{E5A8D5B7-2D08-48AF-BBA7-2626D01E47DF}.Release|iPhone.Build.0 = Release|iPhone
		{E5A8D5B7-2D08-48AF-BBA7-2626D01E47DF}.Release|iPhone.Deploy.0 = Release|iPhone
		{E5A8D5B7-2D08-48AF-BBA7-2626D01E47DF}.Release|iPhoneSimulator.ActiveCfg = Release|iPhoneSimulator
		{E5A8D5B7-2D08-48AF-BBA7-2626D01E47DF}.Release|iPhoneSimulator.Build.0 = Release|iPhoneSimulator
		{E5A8D5B7-2D08-48AF-BBA7-2626D01E47DF}.Release|iPhoneSimulator.Deploy.0 = Release|iPhoneSimulator
		{EE504714-9CB9-4159-A982-F4686AD460FF}.Debug|Any CPU.ActiveCfg = Debug|Any CPU
		{EE504714-9CB9-4159-A982-F4686AD460FF}.Debug|Any CPU.Build.0 = Debug|Any CPU
		{EE504714-9CB9-4159-A982-F4686AD460FF}.Debug|Any CPU.Deploy.0 = Debug|Any CPU
		{EE504714-9CB9-4159-A982-F4686AD460FF}.Debug|iPhone.ActiveCfg = Debug|Any CPU
		{EE504714-9CB9-4159-A982-F4686AD460FF}.Debug|iPhone.Build.0 = Debug|Any CPU
		{EE504714-9CB9-4159-A982-F4686AD460FF}.Debug|iPhone.Deploy.0 = Debug|Any CPU
		{EE504714-9CB9-4159-A982-F4686AD460FF}.Debug|iPhoneSimulator.ActiveCfg = Debug|Any CPU
		{EE504714-9CB9-4159-A982-F4686AD460FF}.Debug|iPhoneSimulator.Build.0 = Debug|Any CPU
		{EE504714-9CB9-4159-A982-F4686AD460FF}.Debug|iPhoneSimulator.Deploy.0 = Debug|Any CPU
		{EE504714-9CB9-4159-A982-F4686AD460FF}.Release|Any CPU.ActiveCfg = Release|Any CPU
		{EE504714-9CB9-4159-A982-F4686AD460FF}.Release|Any CPU.Build.0 = Release|Any CPU
		{EE504714-9CB9-4159-A982-F4686AD460FF}.Release|Any CPU.Deploy.0 = Release|Any CPU
		{EE504714-9CB9-4159-A982-F4686AD460FF}.Release|iPhone.ActiveCfg = Release|Any CPU
		{EE504714-9CB9-4159-A982-F4686AD460FF}.Release|iPhone.Build.0 = Release|Any CPU
		{EE504714-9CB9-4159-A982-F4686AD460FF}.Release|iPhone.Deploy.0 = Release|Any CPU
		{EE504714-9CB9-4159-A982-F4686AD460FF}.Release|iPhoneSimulator.ActiveCfg = Release|Any CPU
		{EE504714-9CB9-4159-A982-F4686AD460FF}.Release|iPhoneSimulator.Build.0 = Release|Any CPU
		{EE504714-9CB9-4159-A982-F4686AD460FF}.Release|iPhoneSimulator.Deploy.0 = Release|Any CPU
	EndGlobalSection
	GlobalSection(SolutionProperties) = preSolution
		HideSolutionNode = FALSE
	EndGlobalSection
	GlobalSection(ExtensibilityGlobals) = postSolution
		SolutionGuid = {6224B2D6-3622-4D74-A2C2-F6B8BC2C0C7E}
	EndGlobalSection
EndGlobal
